// !$*UTF8*$!
{
	archiveVersion = 1;
	classes = {
	};
	objectVersion = 46;
	objects = {

/* Begin PBXBuildFile section */
		D83DFE2218C9755700FCF7CC /* PlayerDetailViewController.m in Sources */ = {isa = PBXBuildFile; fileRef = D83DFE2118C9755700FCF7CC /* PlayerDetailViewController.m */; };
		D83DFE2518C9AF5300FCF7CC /* GamePickerViewController.m in Sources */ = {isa = PBXBuildFile; fileRef = D83DFE2418C9AF5300FCF7CC /* GamePickerViewController.m */; };
		D8FFABD518C874220053F233 /* Foundation.framework in Frameworks */ = {isa = PBXBuildFile; fileRef = D8FFABD418C874220053F233 /* Foundation.framework */; };
		D8FFABD718C874220053F233 /* CoreGraphics.framework in Frameworks */ = {isa = PBXBuildFile; fileRef = D8FFABD618C874220053F233 /* CoreGraphics.framework */; };
		D8FFABD918C874220053F233 /* UIKit.framework in Frameworks */ = {isa = PBXBuildFile; fileRef = D8FFABD818C874220053F233 /* UIKit.framework */; };
		D8FFABDF18C874220053F233 /* InfoPlist.strings in Resources */ = {isa = PBXBuildFile; fileRef = D8FFABDD18C874220053F233 /* InfoPlist.strings */; };
		D8FFABE118C874220053F233 /* main.m in Sources */ = {isa = PBXBuildFile; fileRef = D8FFABE018C874220053F233 /* main.m */; };
		D8FFABE518C874220053F233 /* AppDelegate.m in Sources */ = {isa = PBXBuildFile; fileRef = D8FFABE418C874220053F233 /* AppDelegate.m */; };
		D8FFABE818C874220053F233 /* Main.storyboard in Resources */ = {isa = PBXBuildFile; fileRef = D8FFABE618C874220053F233 /* Main.storyboard */; };
		D8FFABEB18C874220053F233 /* ViewController.m in Sources */ = {isa = PBXBuildFile; fileRef = D8FFABEA18C874220053F233 /* ViewController.m */; };
		D8FFABED18C874220053F233 /* Images.xcassets in Resources */ = {isa = PBXBuildFile; fileRef = D8FFABEC18C874220053F233 /* Images.xcassets */; };
		D8FFABF418C874220053F233 /* XCTest.framework in Frameworks */ = {isa = PBXBuildFile; fileRef = D8FFABF318C874220053F233 /* XCTest.framework */; };
		D8FFABF518C874220053F233 /* Foundation.framework in Frameworks */ = {isa = PBXBuildFile; fileRef = D8FFABD418C874220053F233 /* Foundation.framework */; };
		D8FFABF618C874220053F233 /* UIKit.framework in Frameworks */ = {isa = PBXBuildFile; fileRef = D8FFABD818C874220053F233 /* UIKit.framework */; };
		D8FFABFE18C874220053F233 /* InfoPlist.strings in Resources */ = {isa = PBXBuildFile; fileRef = D8FFABFC18C874220053F233 /* InfoPlist.strings */; };
		D8FFAC0018C874220053F233 /* RatingTests.m in Sources */ = {isa = PBXBuildFile; fileRef = D8FFABFF18C874220053F233 /* RatingTests.m */; };
		D8FFAC2218C87D420053F233 /* 1Star.png in Resources */ = {isa = PBXBuildFile; fileRef = D8FFAC0A18C87D420053F233 /* 1Star.png */; };
		D8FFAC2318C87D420053F233 /* 1Star@2x.png in Resources */ = {isa = PBXBuildFile; fileRef = D8FFAC0B18C87D420053F233 /* 1Star@2x.png */; };
		D8FFAC2418C87D420053F233 /* 1StarSmall.png in Resources */ = {isa = PBXBuildFile; fileRef = D8FFAC0C18C87D420053F233 /* 1StarSmall.png */; };
		D8FFAC2518C87D420053F233 /* 1StarSmall@2x.png in Resources */ = {isa = PBXBuildFile; fileRef = D8FFAC0D18C87D420053F233 /* 1StarSmall@2x.png */; };
		D8FFAC2618C87D420053F233 /* 2Stars.png in Resources */ = {isa = PBXBuildFile; fileRef = D8FFAC0E18C87D420053F233 /* 2Stars.png */; };
		D8FFAC2718C87D420053F233 /* 2Stars@2x.png in Resources */ = {isa = PBXBuildFile; fileRef = D8FFAC0F18C87D420053F233 /* 2Stars@2x.png */; };
		D8FFAC2818C87D420053F233 /* 2StarsSmall.png in Resources */ = {isa = PBXBuildFile; fileRef = D8FFAC1018C87D420053F233 /* 2StarsSmall.png */; };
		D8FFAC2918C87D420053F233 /* 2StarsSmall@2x.png in Resources */ = {isa = PBXBuildFile; fileRef = D8FFAC1118C87D420053F233 /* 2StarsSmall@2x.png */; };
		D8FFAC2A18C87D420053F233 /* 3Stars.png in Resources */ = {isa = PBXBuildFile; fileRef = D8FFAC1218C87D420053F233 /* 3Stars.png */; };
		D8FFAC2B18C87D420053F233 /* 3Stars@2x.png in Resources */ = {isa = PBXBuildFile; fileRef = D8FFAC1318C87D420053F233 /* 3Stars@2x.png */; };
		D8FFAC2C18C87D420053F233 /* 3StarsSmall.png in Resources */ = {isa = PBXBuildFile; fileRef = D8FFAC1418C87D420053F233 /* 3StarsSmall.png */; };
		D8FFAC2D18C87D420053F233 /* 3StarsSmall@2x.png in Resources */ = {isa = PBXBuildFile; fileRef = D8FFAC1518C87D420053F233 /* 3StarsSmall@2x.png */; };
		D8FFAC2E18C87D420053F233 /* 4Stars.png in Resources */ = {isa = PBXBuildFile; fileRef = D8FFAC1618C87D420053F233 /* 4Stars.png */; };
		D8FFAC2F18C87D420053F233 /* 4Stars@2x.png in Resources */ = {isa = PBXBuildFile; fileRef = D8FFAC1718C87D420053F233 /* 4Stars@2x.png */; };
		D8FFAC3018C87D420053F233 /* 4StarsSmall.png in Resources */ = {isa = PBXBuildFile; fileRef = D8FFAC1818C87D420053F233 /* 4StarsSmall.png */; };
		D8FFAC3118C87D420053F233 /* 4StarsSmall@2x.png in Resources */ = {isa = PBXBuildFile; fileRef = D8FFAC1918C87D420053F233 /* 4StarsSmall@2x.png */; };
		D8FFAC3218C87D420053F233 /* 5Stars.png in Resources */ = {isa = PBXBuildFile; fileRef = D8FFAC1A18C87D420053F233 /* 5Stars.png */; };
		D8FFAC3318C87D420053F233 /* 5Stars@2x.png in Resources */ = {isa = PBXBuildFile; fileRef = D8FFAC1B18C87D420053F233 /* 5Stars@2x.png */; };
		D8FFAC3418C87D420053F233 /* 5StarsSmall.png in Resources */ = {isa = PBXBuildFile; fileRef = D8FFAC1C18C87D420053F233 /* 5StarsSmall.png */; };
		D8FFAC3518C87D420053F233 /* 5StarsSmall@2x.png in Resources */ = {isa = PBXBuildFile; fileRef = D8FFAC1D18C87D420053F233 /* 5StarsSmall@2x.png */; };
		D8FFAC3618C87D420053F233 /* Gestures.png in Resources */ = {isa = PBXBuildFile; fileRef = D8FFAC1E18C87D420053F233 /* Gestures.png */; };
		D8FFAC3718C87D420053F233 /* Gestures@2x.png in Resources */ = {isa = PBXBuildFile; fileRef = D8FFAC1F18C87D420053F233 /* Gestures@2x.png */; };
		D8FFAC3818C87D420053F233 /* Players.png in Resources */ = {isa = PBXBuildFile; fileRef = D8FFAC2018C87D420053F233 /* Players.png */; };
		D8FFAC3918C87D420053F233 /* Players@2x.png in Resources */ = {isa = PBXBuildFile; fileRef = D8FFAC2118C87D420053F233 /* Players@2x.png */; };
		D8FFAC3C18C8804E0053F233 /* PlayerViewController.m in Sources */ = {isa = PBXBuildFile; fileRef = D8FFAC3B18C8804E0053F233 /* PlayerViewController.m */; };
		D8FFAC3F18C8846A0053F233 /* Player.m in Sources */ = {isa = PBXBuildFile; fileRef = D8FFAC3E18C8846A0053F233 /* Player.m */; };
		D8FFAC4218C894F00053F233 /* PlayerCell.m in Sources */ = {isa = PBXBuildFile; fileRef = D8FFAC4118C894F00053F233 /* PlayerCell.m */; };
/* End PBXBuildFile section */

/* Begin PBXContainerItemProxy section */
		D8FFABF718C874220053F233 /* PBXContainerItemProxy */ = {
			isa = PBXContainerItemProxy;
			containerPortal = D8FFABC918C874220053F233 /* Project object */;
			proxyType = 1;
			remoteGlobalIDString = D8FFABD018C874220053F233;
			remoteInfo = Rating;
		};
/* End PBXContainerItemProxy section */

/* Begin PBXFileReference section */
		D83DFE2018C9755700FCF7CC /* PlayerDetailViewController.h */ = {isa = PBXFileReference; fileEncoding = 4; lastKnownFileType = sourcecode.c.h; path = PlayerDetailViewController.h; sourceTree = "<group>"; };
		D83DFE2118C9755700FCF7CC /* PlayerDetailViewController.m */ = {isa = PBXFileReference; fileEncoding = 4; lastKnownFileType = sourcecode.c.objc; path = PlayerDetailViewController.m; sourceTree = "<group>"; };
		D83DFE2318C9AF5300FCF7CC /* GamePickerViewController.h */ = {isa = PBXFileReference; fileEncoding = 4; lastKnownFileType = sourcecode.c.h; path = GamePickerViewController.h; sourceTree = "<group>"; };
		D83DFE2418C9AF5300FCF7CC /* GamePickerViewController.m */ = {isa = PBXFileReference; fileEncoding = 4; lastKnownFileType = sourcecode.c.objc; path = GamePickerViewController.m; sourceTree = "<group>"; };
		D8FFABD118C874220053F233 /* Rating.app */ = {isa = PBXFileReference; explicitFileType = wrapper.application; includeInIndex = 0; path = Rating.app; sourceTree = BUILT_PRODUCTS_DIR; };
		D8FFABD418C874220053F233 /* Foundation.framework */ = {isa = PBXFileReference; lastKnownFileType = wrapper.framework; name = Foundation.framework; path = System/Library/Frameworks/Foundation.framework; sourceTree = SDKROOT; };
		D8FFABD618C874220053F233 /* CoreGraphics.framework */ = {isa = PBXFileReference; lastKnownFileType = wrapper.framework; name = CoreGraphics.framework; path = System/Library/Frameworks/CoreGraphics.framework; sourceTree = SDKROOT; };
		D8FFABD818C874220053F233 /* UIKit.framework */ = {isa = PBXFileReference; lastKnownFileType = wrapper.framework; name = UIKit.framework; path = System/Library/Frameworks/UIKit.framework; sourceTree = SDKROOT; };
		D8FFABDC18C874220053F233 /* Rating-Info.plist */ = {isa = PBXFileReference; lastKnownFileType = text.plist.xml; path = "Rating-Info.plist"; sourceTree = "<group>"; };
		D8FFABDE18C874220053F233 /* en */ = {isa = PBXFileReference; lastKnownFileType = text.plist.strings; name = en; path = en.lproj/InfoPlist.strings; sourceTree = "<group>"; };
		D8FFABE018C874220053F233 /* main.m */ = {isa = PBXFileReference; lastKnownFileType = sourcecode.c.objc; path = main.m; sourceTree = "<group>"; };
		D8FFABE218C874220053F233 /* Rating-Prefix.pch */ = {isa = PBXFileReference; lastKnownFileType = sourcecode.c.h; path = "Rating-Prefix.pch"; sourceTree = "<group>"; };
		D8FFABE318C874220053F233 /* AppDelegate.h */ = {isa = PBXFileReference; lastKnownFileType = sourcecode.c.h; path = AppDelegate.h; sourceTree = "<group>"; };
		D8FFABE418C874220053F233 /* AppDelegate.m */ = {isa = PBXFileReference; lastKnownFileType = sourcecode.c.objc; path = AppDelegate.m; sourceTree = "<group>"; };
		D8FFABE718C874220053F233 /* Base */ = {isa = PBXFileReference; lastKnownFileType = file.storyboard; name = Base; path = Base.lproj/Main.storyboard; sourceTree = "<group>"; };
		D8FFABE918C874220053F233 /* ViewController.h */ = {isa = PBXFileReference; lastKnownFileType = sourcecode.c.h; path = ViewController.h; sourceTree = "<group>"; };
		D8FFABEA18C874220053F233 /* ViewController.m */ = {isa = PBXFileReference; lastKnownFileType = sourcecode.c.objc; path = ViewController.m; sourceTree = "<group>"; };
		D8FFABEC18C874220053F233 /* Images.xcassets */ = {isa = PBXFileReference; lastKnownFileType = folder.assetcatalog; path = Images.xcassets; sourceTree = "<group>"; };
		D8FFABF218C874220053F233 /* RatingTests.xctest */ = {isa = PBXFileReference; explicitFileType = wrapper.cfbundle; includeInIndex = 0; path = RatingTests.xctest; sourceTree = BUILT_PRODUCTS_DIR; };
		D8FFABF318C874220053F233 /* XCTest.framework */ = {isa = PBXFileReference; lastKnownFileType = wrapper.framework; name = XCTest.framework; path = Library/Frameworks/XCTest.framework; sourceTree = DEVELOPER_DIR; };
		D8FFABFB18C874220053F233 /* RatingTests-Info.plist */ = {isa = PBXFileReference; lastKnownFileType = text.plist.xml; path = "RatingTests-Info.plist"; sourceTree = "<group>"; };
		D8FFABFD18C874220053F233 /* en */ = {isa = PBXFileReference; lastKnownFileType = text.plist.strings; name = en; path = en.lproj/InfoPlist.strings; sourceTree = "<group>"; };
		D8FFABFF18C874220053F233 /* RatingTests.m */ = {isa = PBXFileReference; lastKnownFileType = sourcecode.c.objc; path = RatingTests.m; sourceTree = "<group>"; };
		D8FFAC0A18C87D420053F233 /* 1Star.png */ = {isa = PBXFileReference; lastKnownFileType = image.png; path = 1Star.png; sourceTree = "<group>"; };
		D8FFAC0B18C87D420053F233 /* 1Star@2x.png */ = {isa = PBXFileReference; lastKnownFileType = image.png; path = "1Star@2x.png"; sourceTree = "<group>"; };
		D8FFAC0C18C87D420053F233 /* 1StarSmall.png */ = {isa = PBXFileReference; lastKnownFileType = image.png; path = 1StarSmall.png; sourceTree = "<group>"; };
		D8FFAC0D18C87D420053F233 /* 1StarSmall@2x.png */ = {isa = PBXFileReference; lastKnownFileType = image.png; path = "1StarSmall@2x.png"; sourceTree = "<group>"; };
		D8FFAC0E18C87D420053F233 /* 2Stars.png */ = {isa = PBXFileReference; lastKnownFileType = image.png; path = 2Stars.png; sourceTree = "<group>"; };
		D8FFAC0F18C87D420053F233 /* 2Stars@2x.png */ = {isa = PBXFileReference; lastKnownFileType = image.png; path = "2Stars@2x.png"; sourceTree = "<group>"; };
		D8FFAC1018C87D420053F233 /* 2StarsSmall.png */ = {isa = PBXFileReference; lastKnownFileType = image.png; path = 2StarsSmall.png; sourceTree = "<group>"; };
		D8FFAC1118C87D420053F233 /* 2StarsSmall@2x.png */ = {isa = PBXFileReference; lastKnownFileType = image.png; path = "2StarsSmall@2x.png"; sourceTree = "<group>"; };
		D8FFAC1218C87D420053F233 /* 3Stars.png */ = {isa = PBXFileReference; lastKnownFileType = image.png; path = 3Stars.png; sourceTree = "<group>"; };
		D8FFAC1318C87D420053F233 /* 3Stars@2x.png */ = {isa = PBXFileReference; lastKnownFileType = image.png; path = "3Stars@2x.png"; sourceTree = "<group>"; };
		D8FFAC1418C87D420053F233 /* 3StarsSmall.png */ = {isa = PBXFileReference; lastKnownFileType = image.png; path = 3StarsSmall.png; sourceTree = "<group>"; };
		D8FFAC1518C87D420053F233 /* 3StarsSmall@2x.png */ = {isa = PBXFileReference; lastKnownFileType = image.png; path = "3StarsSmall@2x.png"; sourceTree = "<group>"; };
		D8FFAC1618C87D420053F233 /* 4Stars.png */ = {isa = PBXFileReference; lastKnownFileType = image.png; path = 4Stars.png; sourceTree = "<group>"; };
		D8FFAC1718C87D420053F233 /* 4Stars@2x.png */ = {isa = PBXFileReference; lastKnownFileType = image.png; path = "4Stars@2x.png"; sourceTree = "<group>"; };
		D8FFAC1818C87D420053F233 /* 4StarsSmall.png */ = {isa = PBXFileReference; lastKnownFileType = image.png; path = 4StarsSmall.png; sourceTree = "<group>"; };
		D8FFAC1918C87D420053F233 /* 4StarsSmall@2x.png */ = {isa = PBXFileReference; lastKnownFileType = image.png; path = "4StarsSmall@2x.png"; sourceTree = "<group>"; };
		D8FFAC1A18C87D420053F233 /* 5Stars.png */ = {isa = PBXFileReference; lastKnownFileType = image.png; path = 5Stars.png; sourceTree = "<group>"; };
		D8FFAC1B18C87D420053F233 /* 5Stars@2x.png */ = {isa = PBXFileReference; lastKnownFileType = image.png; path = "5Stars@2x.png"; sourceTree = "<group>"; };
		D8FFAC1C18C87D420053F233 /* 5StarsSmall.png */ = {isa = PBXFileReference; lastKnownFileType = image.png; path = 5StarsSmall.png; sourceTree = "<group>"; };
		D8FFAC1D18C87D420053F233 /* 5StarsSmall@2x.png */ = {isa = PBXFileReference; lastKnownFileType = image.png; path = "5StarsSmall@2x.png"; sourceTree = "<group>"; };
		D8FFAC1E18C87D420053F233 /* Gestures.png */ = {isa = PBXFileReference; lastKnownFileType = image.png; path = Gestures.png; sourceTree = "<group>"; };
		D8FFAC1F18C87D420053F233 /* Gestures@2x.png */ = {isa = PBXFileReference; lastKnownFileType = image.png; path = "Gestures@2x.png"; sourceTree = "<group>"; };
		D8FFAC2018C87D420053F233 /* Players.png */ = {isa = PBXFileReference; lastKnownFileType = image.png; path = Players.png; sourceTree = "<group>"; };
		D8FFAC2118C87D420053F233 /* Players@2x.png */ = {isa = PBXFileReference; lastKnownFileType = image.png; path = "Players@2x.png"; sourceTree = "<group>"; };
		D8FFAC3A18C8804E0053F233 /* PlayerViewController.h */ = {isa = PBXFileReference; fileEncoding = 4; lastKnownFileType = sourcecode.c.h; path = PlayerViewController.h; sourceTree = "<group>"; };
		D8FFAC3B18C8804E0053F233 /* PlayerViewController.m */ = {isa = PBXFileReference; fileEncoding = 4; lastKnownFileType = sourcecode.c.objc; path = PlayerViewController.m; sourceTree = "<group>"; };
		D8FFAC3D18C8846A0053F233 /* Player.h */ = {isa = PBXFileReference; fileEncoding = 4; lastKnownFileType = sourcecode.c.h; path = Player.h; sourceTree = "<group>"; };
		D8FFAC3E18C8846A0053F233 /* Player.m */ = {isa = PBXFileReference; fileEncoding = 4; lastKnownFileType = sourcecode.c.objc; path = Player.m; sourceTree = "<group>"; };
		D8FFAC4018C894F00053F233 /* PlayerCell.h */ = {isa = PBXFileReference; fileEncoding = 4; lastKnownFileType = sourcecode.c.h; path = PlayerCell.h; sourceTree = "<group>"; };
		D8FFAC4118C894F00053F233 /* PlayerCell.m */ = {isa = PBXFileReference; fileEncoding = 4; lastKnownFileType = sourcecode.c.objc; path = PlayerCell.m; sourceTree = "<group>"; };
/* End PBXFileReference section */

/* Begin PBXFrameworksBuildPhase section */
		D8FFABCE18C874220053F233 /* Frameworks */ = {
			isa = PBXFrameworksBuildPhase;
			buildActionMask = 2147483647;
			files = (
				D8FFABD718C874220053F233 /* CoreGraphics.framework in Frameworks */,
				D8FFABD918C874220053F233 /* UIKit.framework in Frameworks */,
				D8FFABD518C874220053F233 /* Foundation.framework in Frameworks */,
			);
			runOnlyForDeploymentPostprocessing = 0;
		};
		D8FFABEF18C874220053F233 /* Frameworks */ = {
			isa = PBXFrameworksBuildPhase;
			buildActionMask = 2147483647;
			files = (
				D8FFABF418C874220053F233 /* XCTest.framework in Frameworks */,
				D8FFABF618C874220053F233 /* UIKit.framework in Frameworks */,
				D8FFABF518C874220053F233 /* Foundation.framework in Frameworks */,
			);
			runOnlyForDeploymentPostprocessing = 0;
		};
/* End PBXFrameworksBuildPhase section */

/* Begin PBXGroup section */
		D8FFABC818C874220053F233 = {
			isa = PBXGroup;
			children = (
				D8FFABDA18C874220053F233 /* Rating */,
				D8FFABF918C874220053F233 /* RatingTests */,
				D8FFABD318C874220053F233 /* Frameworks */,
				D8FFABD218C874220053F233 /* Products */,
			);
			sourceTree = "<group>";
		};
		D8FFABD218C874220053F233 /* Products */ = {
			isa = PBXGroup;
			children = (
				D8FFABD118C874220053F233 /* Rating.app */,
				D8FFABF218C874220053F233 /* RatingTests.xctest */,
			);
			name = Products;
			sourceTree = "<group>";
		};
		D8FFABD318C874220053F233 /* Frameworks */ = {
			isa = PBXGroup;
			children = (
				D8FFABD418C874220053F233 /* Foundation.framework */,
				D8FFABD618C874220053F233 /* CoreGraphics.framework */,
				D8FFABD818C874220053F233 /* UIKit.framework */,
				D8FFABF318C874220053F233 /* XCTest.framework */,
			);
			name = Frameworks;
			sourceTree = "<group>";
		};
		D8FFABDA18C874220053F233 /* Rating */ = {
			isa = PBXGroup;
			children = (
				D83DFE2318C9AF5300FCF7CC /* GamePickerViewController.h */,
				D83DFE2418C9AF5300FCF7CC /* GamePickerViewController.m */,
				D8FFAC0918C87D420053F233 /* Images */,
				D8FFAC3D18C8846A0053F233 /* Player.h */,
				D8FFAC3E18C8846A0053F233 /* Player.m */,
				D8FFABE318C874220053F233 /* AppDelegate.h */,
				D8FFABE418C874220053F233 /* AppDelegate.m */,
				D8FFABE618C874220053F233 /* Main.storyboard */,
				D8FFAC3A18C8804E0053F233 /* PlayerViewController.h */,
				D8FFAC3B18C8804E0053F233 /* PlayerViewController.m */,
				D8FFABE918C874220053F233 /* ViewController.h */,
				D8FFABEA18C874220053F233 /* ViewController.m */,
				D8FFABEC18C874220053F233 /* Images.xcassets */,
				D8FFABDB18C874220053F233 /* Supporting Files */,
				D8FFAC4018C894F00053F233 /* PlayerCell.h */,
				D8FFAC4118C894F00053F233 /* PlayerCell.m */,
				D83DFE2018C9755700FCF7CC /* PlayerDetailViewController.h */,
				D83DFE2118C9755700FCF7CC /* PlayerDetailViewController.m */,
			);
			path = Rating;
			sourceTree = "<group>";
		};
		D8FFABDB18C874220053F233 /* Supporting Files */ = {
			isa = PBXGroup;
			children = (
				D8FFABDC18C874220053F233 /* Rating-Info.plist */,
				D8FFABDD18C874220053F233 /* InfoPlist.strings */,
				D8FFABE018C874220053F233 /* main.m */,
				D8FFABE218C874220053F233 /* Rating-Prefix.pch */,
			);
			name = "Supporting Files";
			sourceTree = "<group>";
		};
		D8FFABF918C874220053F233 /* RatingTests */ = {
			isa = PBXGroup;
			children = (
				D8FFABFF18C874220053F233 /* RatingTests.m */,
				D8FFABFA18C874220053F233 /* Supporting Files */,
			);
			path = RatingTests;
			sourceTree = "<group>";
		};
		D8FFABFA18C874220053F233 /* Supporting Files */ = {
			isa = PBXGroup;
			children = (
				D8FFABFB18C874220053F233 /* RatingTests-Info.plist */,
				D8FFABFC18C874220053F233 /* InfoPlist.strings */,
			);
			name = "Supporting Files";
			sourceTree = "<group>";
		};
		D8FFAC0918C87D420053F233 /* Images */ = {
			isa = PBXGroup;
			children = (
				D8FFAC0C18C87D420053F233 /* 1StarSmall.png */,
				D8FFAC0A18C87D420053F233 /* 1Star.png */,
				D8FFAC0B18C87D420053F233 /* 1Star@2x.png */,
				D8FFAC0D18C87D420053F233 /* 1StarSmall@2x.png */,
				D8FFAC0E18C87D420053F233 /* 2Stars.png */,
				D8FFAC0F18C87D420053F233 /* 2Stars@2x.png */,
				D8FFAC1018C87D420053F233 /* 2StarsSmall.png */,
				D8FFAC1118C87D420053F233 /* 2StarsSmall@2x.png */,
				D8FFAC1218C87D420053F233 /* 3Stars.png */,
				D8FFAC1318C87D420053F233 /* 3Stars@2x.png */,
				D8FFAC1418C87D420053F233 /* 3StarsSmall.png */,
				D8FFAC1518C87D420053F233 /* 3StarsSmall@2x.png */,
				D8FFAC1618C87D420053F233 /* 4Stars.png */,
				D8FFAC1718C87D420053F233 /* 4Stars@2x.png */,
				D8FFAC1818C87D420053F233 /* 4StarsSmall.png */,
				D8FFAC1918C87D420053F233 /* 4StarsSmall@2x.png */,
				D8FFAC1A18C87D420053F233 /* 5Stars.png */,
				D8FFAC1B18C87D420053F233 /* 5Stars@2x.png */,
				D8FFAC1C18C87D420053F233 /* 5StarsSmall.png */,
				D8FFAC1D18C87D420053F233 /* 5StarsSmall@2x.png */,
				D8FFAC1E18C87D420053F233 /* Gestures.png */,
				D8FFAC1F18C87D420053F233 /* Gestures@2x.png */,
				D8FFAC2018C87D420053F233 /* Players.png */,
				D8FFAC2118C87D420053F233 /* Players@2x.png */,
			);
			name = Images;
			path = ../Images;
			sourceTree = "<group>";
		};
/* End PBXGroup section */

/* Begin PBXNativeTarget section */
		D8FFABD018C874220053F233 /* Rating */ = {
			isa = PBXNativeTarget;
			buildConfigurationList = D8FFAC0318C874220053F233 /* Build configuration list for PBXNativeTarget "Rating" */;
			buildPhases = (
				D8FFABCD18C874220053F233 /* Sources */,
				D8FFABCE18C874220053F233 /* Frameworks */,
				D8FFABCF18C874220053F233 /* Resources */,
			);
			buildRules = (
			);
			dependencies = (
			);
			name = Rating;
			productName = Rating;
			productReference = D8FFABD118C874220053F233 /* Rating.app */;
			productType = "com.apple.product-type.application";
		};
		D8FFABF118C874220053F233 /* RatingTests */ = {
			isa = PBXNativeTarget;
			buildConfigurationList = D8FFAC0618C874220053F233 /* Build configuration list for PBXNativeTarget "RatingTests" */;
			buildPhases = (
				D8FFABEE18C874220053F233 /* Sources */,
				D8FFABEF18C874220053F233 /* Frameworks */,
				D8FFABF018C874220053F233 /* Resources */,
			);
			buildRules = (
			);
			dependencies = (
				D8FFABF818C874220053F233 /* PBXTargetDependency */,
			);
			name = RatingTests;
			productName = RatingTests;
			productReference = D8FFABF218C874220053F233 /* RatingTests.xctest */;
			productType = "com.apple.product-type.bundle.unit-test";
		};
/* End PBXNativeTarget section */

/* Begin PBXProject section */
		D8FFABC918C874220053F233 /* Project object */ = {
			isa = PBXProject;
			attributes = {
				LastUpgradeCheck = 0500;
				ORGANIZATIONNAME = "PTM ukm";
				TargetAttributes = {
					D8FFABF118C874220053F233 = {
						TestTargetID = D8FFABD018C874220053F233;
					};
				};
			};
			buildConfigurationList = D8FFABCC18C874220053F233 /* Build configuration list for PBXProject "Rating" */;
			compatibilityVersion = "Xcode 3.2";
			developmentRegion = English;
			hasScannedForEncodings = 0;
			knownRegions = (
				en,
				Base,
			);
			mainGroup = D8FFABC818C874220053F233;
			productRefGroup = D8FFABD218C874220053F233 /* Products */;
			projectDirPath = "";
			projectRoot = "";
			targets = (
				D8FFABD018C874220053F233 /* Rating */,
				D8FFABF118C874220053F233 /* RatingTests */,
			);
		};
/* End PBXProject section */

/* Begin PBXResourcesBuildPhase section */
		D8FFABCF18C874220053F233 /* Resources */ = {
			isa = PBXResourcesBuildPhase;
			buildActionMask = 2147483647;
			files = (
				D8FFAC2818C87D420053F233 /* 2StarsSmall.png in Resources */,
				D8FFAC3418C87D420053F233 /* 5StarsSmall.png in Resources */,
				D8FFAC2718C87D420053F233 /* 2Stars@2x.png in Resources */,
				D8FFAC3018C87D420053F233 /* 4StarsSmall.png in Resources */,
				D8FFAC2518C87D420053F233 /* 1StarSmall@2x.png in Resources */,
				D8FFABED18C874220053F233 /* Images.xcassets in Resources */,
				D8FFAC3118C87D420053F233 /* 4StarsSmall@2x.png in Resources */,
				D8FFABDF18C874220053F233 /* InfoPlist.strings in Resources */,
				D8FFAC3718C87D420053F233 /* Gestures@2x.png in Resources */,
				D8FFAC2A18C87D420053F233 /* 3Stars.png in Resources */,
				D8FFAC3618C87D420053F233 /* Gestures.png in Resources */,
				D8FFABE818C874220053F233 /* Main.storyboard in Resources */,
				D8FFAC3818C87D420053F233 /* Players.png in Resources */,
				D8FFAC2C18C87D420053F233 /* 3StarsSmall.png in Resources */,
				D8FFAC2618C87D420053F233 /* 2Stars.png in Resources */,
				D8FFAC2D18C87D420053F233 /* 3StarsSmall@2x.png in Resources */,
				D8FFAC2418C87D420053F233 /* 1StarSmall.png in Resources */,
				D8FFAC2B18C87D420053F233 /* 3Stars@2x.png in Resources */,
				D8FFAC3918C87D420053F233 /* Players@2x.png in Resources */,
				D8FFAC2218C87D420053F233 /* 1Star.png in Resources */,
				D8FFAC2918C87D420053F233 /* 2StarsSmall@2x.png in Resources */,
				D8FFAC2E18C87D420053F233 /* 4Stars.png in Resources */,
				D8FFAC2318C87D420053F233 /* 1Star@2x.png in Resources */,
				D8FFAC3518C87D420053F233 /* 5StarsSmall@2x.png in Resources */,
				D8FFAC2F18C87D420053F233 /* 4Stars@2x.png in Resources */,
				D8FFAC3318C87D420053F233 /* 5Stars@2x.png in Resources */,
				D8FFAC3218C87D420053F233 /* 5Stars.png in Resources */,
			);
			runOnlyForDeploymentPostprocessing = 0;
		};
		D8FFABF018C874220053F233 /* Resources */ = {
			isa = PBXResourcesBuildPhase;
			buildActionMask = 2147483647;
			files = (
				D8FFABFE18C874220053F233 /* InfoPlist.strings in Resources */,
			);
			runOnlyForDeploymentPostprocessing = 0;
		};
/* End PBXResourcesBuildPhase section */

/* Begin PBXSourcesBuildPhase section */
		D8FFABCD18C874220053F233 /* Sources */ = {
			isa = PBXSourcesBuildPhase;
			buildActionMask = 2147483647;
			files = (
				D8FFABEB18C874220053F233 /* ViewController.m in Sources */,
				D8FFAC3C18C8804E0053F233 /* PlayerViewController.m in Sources */,
				D8FFABE518C874220053F233 /* AppDelegate.m in Sources */,
				D83DFE2218C9755700FCF7CC /* PlayerDetailViewController.m in Sources */,
				D83DFE2518C9AF5300FCF7CC /* GamePickerViewController.m in Sources */,
				D8FFABE118C874220053F233 /* main.m in Sources */,
				D8FFAC4218C894F00053F233 /* PlayerCell.m in Sources */,
				D8FFAC3F18C8846A0053F233 /* Player.m in Sources */,
			);
			runOnlyForDeploymentPostprocessing = 0;
		};
		D8FFABEE18C874220053F233 /* Sources */ = {
			isa = PBXSourcesBuildPhase;
			buildActionMask = 2147483647;
			files = (
				D8FFAC0018C874220053F233 /* RatingTests.m in Sources */,
			);
			runOnlyForDeploymentPostprocessing = 0;
		};
/* End PBXSourcesBuildPhase section */

/* Begin PBXTargetDependency section */
		D8FFABF818C874220053F233 /* PBXTargetDependency */ = {
			isa = PBXTargetDependency;
			target = D8FFABD018C874220053F233 /* Rating */;
			targetProxy = D8FFABF718C874220053F233 /* PBXContainerItemProxy */;
		};
/* End PBXTargetDependency section */

/* Begin PBXVariantGroup section */
		D8FFABDD18C874220053F233 /* InfoPlist.strings */ = {
			isa = PBXVariantGroup;
			children = (
				D8FFABDE18C874220053F233 /* en */,
			);
			name = InfoPlist.strings;
			sourceTree = "<group>";
		};
		D8FFABE618C874220053F233 /* Main.storyboard */ = {
			isa = PBXVariantGroup;
			children = (
				D8FFABE718C874220053F233 /* Base */,
			);
			name = Main.storyboard;
			sourceTree = "<group>";
		};
		D8FFABFC18C874220053F233 /* InfoPlist.strings */ = {
			isa = PBXVariantGroup;
			children = (
				D8FFABFD18C874220053F233 /* en */,
			);
			name = InfoPlist.strings;
			sourceTree = "<group>";
		};
/* End PBXVariantGroup section */

/* Begin XCBuildConfiguration section */
		D8FFAC0118C874220053F233 /* Debug */ = {
			isa = XCBuildConfiguration;
			buildSettings = {
				ALWAYS_SEARCH_USER_PATHS = NO;
				ARCHS = "$(ARCHS_STANDARD_INCLUDING_64_BIT)";
				CLANG_CXX_LANGUAGE_STANDARD = "gnu++0x";
				CLANG_CXX_LIBRARY = "libc++";
				CLANG_ENABLE_MODULES = YES;
				CLANG_ENABLE_OBJC_ARC = YES;
				CLANG_WARN_BOOL_CONVERSION = YES;
				CLANG_WARN_CONSTANT_CONVERSION = YES;
				CLANG_WARN_DIRECT_OBJC_ISA_USAGE = YES_ERROR;
				CLANG_WARN_EMPTY_BODY = YES;
				CLANG_WARN_ENUM_CONVERSION = YES;
				CLANG_WARN_INT_CONVERSION = YES;
				CLANG_WARN_OBJC_ROOT_CLASS = YES_ERROR;
				CLANG_WARN__DUPLICATE_METHOD_MATCH = YES;
				"CODE_SIGN_IDENTITY[sdk=iphoneos*]" = "iPhone Developer";
				COPY_PHASE_STRIP = NO;
				GCC_C_LANGUAGE_STANDARD = gnu99;
				GCC_DYNAMIC_NO_PIC = NO;
				GCC_OPTIMIZATION_LEVEL = 0;
				GCC_PREPROCESSOR_DEFINITIONS = (
					"DEBUG=1",
					"$(inherited)",
				);
				GCC_SYMBOLS_PRIVATE_EXTERN = NO;
				GCC_WARN_64_TO_32_BIT_CONVERSION = YES;
				GCC_WARN_ABOUT_RETURN_TYPE = YES_ERROR;
				GCC_WARN_UNDECLARED_SELECTOR = YES;
				GCC_WARN_UNINITIALIZED_AUTOS = YES;
				GCC_WARN_UNUSED_FUNCTION = YES;
				GCC_WARN_UNUSED_VARIABLE = YES;
				IPHONEOS_DEPLOYMENT_TARGET = 7.0;
				ONLY_ACTIVE_ARCH = YES;
				SDKROOT = iphoneos;
			};
			name = Debug;
		};
		D8FFAC0218C874220053F233 /* Release */ = {
			isa = XCBuildConfiguration;
			buildSettings = {
				ALWAYS_SEARCH_USER_PATHS = NO;
				ARCHS = "$(ARCHS_STANDARD_INCLUDING_64_BIT)";
				CLANG_CXX_LANGUAGE_STANDARD = "gnu++0x";
				CLANG_CXX_LIBRARY = "libc++";
				CLANG_ENABLE_MODULES = YES;
				CLANG_ENABLE_OBJC_ARC = YES;
				CLANG_WARN_BOOL_CONVERSION = YES;
				CLANG_WARN_CONSTANT_CONVERSION = YES;
				CLANG_WARN_DIRECT_OBJC_ISA_USAGE = YES_ERROR;
				CLANG_WARN_EMPTY_BODY = YES;
				CLANG_WARN_ENUM_CONVERSION = YES;
				CLANG_WARN_INT_CONVERSION = YES;
				CLANG_WARN_OBJC_ROOT_CLASS = YES_ERROR;
				CLANG_WARN__DUPLICATE_METHOD_MATCH = YES;
				"CODE_SIGN_IDENTITY[sdk=iphoneos*]" = "iPhone Developer";
				COPY_PHASE_STRIP = YES;
				ENABLE_NS_ASSERTIONS = NO;
				GCC_C_LANGUAGE_STANDARD = gnu99;
				GCC_WARN_64_TO_32_BIT_CONVERSION = YES;
				GCC_WARN_ABOUT_RETURN_TYPE = YES_ERROR;
				GCC_WARN_UNDECLARED_SELECTOR = YES;
				GCC_WARN_UNINITIALIZED_AUTOS = YES;
				GCC_WARN_UNUSED_FUNCTION = YES;
				GCC_WARN_UNUSED_VARIABLE = YES;
				IPHONEOS_DEPLOYMENT_TARGET = 7.0;
				SDKROOT = iphoneos;
				VALIDATE_PRODUCT = YES;
			};
			name = Release;
		};
		D8FFAC0418C874220053F233 /* Debug */ = {
			isa = XCBuildConfiguration;
			buildSettings = {
				ASSETCATALOG_COMPILER_APPICON_NAME = AppIcon;
				ASSETCATALOG_COMPILER_LAUNCHIMAGE_NAME = LaunchImage;
				GCC_PRECOMPILE_PREFIX_HEADER = YES;
				GCC_PREFIX_HEADER = "Rating/Rating-Prefix.pch";
				INFOPLIST_FILE = "Rating/Rating-Info.plist";
				PRODUCT_NAME = "$(TARGET_NAME)";
				WRAPPER_EXTENSION = app;
			};
			name = Debug;
		};
		D8FFAC0518C874220053F233 /* Release */ = {
			isa = XCBuildConfiguration;
			buildSettings = {
				ASSETCATALOG_COMPILER_APPICON_NAME = AppIcon;
				ASSETCATALOG_COMPILER_LAUNCHIMAGE_NAME = LaunchImage;
				GCC_PRECOMPILE_PREFIX_HEADER = YES;
				GCC_PREFIX_HEADER = "Rating/Rating-Prefix.pch";
				INFOPLIST_FILE = "Rating/Rating-Info.plist";
				PRODUCT_NAME = "$(TARGET_NAME)";
				WRAPPER_EXTENSION = app;
			};
			name = Release;
		};
		D8FFAC0718C874220053F233 /* Debug */ = {
			isa = XCBuildConfiguration;
			buildSettings = {
				ARCHS = "$(ARCHS_STANDARD_INCLUDING_64_BIT)";
				BUNDLE_LOADER = "$(BUILT_PRODUCTS_DIR)/Rating.app/Rating";
				FRAMEWORK_SEARCH_PATHS = (
					"$(SDKROOT)/Developer/Library/Frameworks",
					"$(inherited)",
					"$(DEVELOPER_FRAMEWORKS_DIR)",
				);
				GCC_PRECOMPILE_PREFIX_HEADER = YES;
				GCC_PREFIX_HEADER = "Rating/Rating-Prefix.pch";
				GCC_PREPROCESSOR_DEFINITIONS = (
					"DEBUG=1",
					"$(inherited)",
				);
				INFOPLIST_FILE = "RatingTests/RatingTests-Info.plist";
				PRODUCT_NAME = "$(TARGET_NAME)";
				TEST_HOST = "$(BUNDLE_LOADER)";
				WRAPPER_EXTENSION = xctest;
			};
			name = Debug;
		};
		D8FFAC0818C874220053F233 /* Release */ = {
			isa = XCBuildConfiguration;
			buildSettings = {
				ARCHS = "$(ARCHS_STANDARD_INCLUDING_64_BIT)";
				BUNDLE_LOADER = "$(BUILT_PRODUCTS_DIR)/Rating.app/Rating";
				FRAMEWORK_SEARCH_PATHS = (
					"$(SDKROOT)/Developer/Library/Frameworks",
					"$(inherited)",
					"$(DEVELOPER_FRAMEWORKS_DIR)",
				);
				GCC_PRECOMPILE_PREFIX_HEADER = YES;
				GCC_PREFIX_HEADER = "Rating/Rating-Prefix.pch";
				INFOPLIST_FILE = "RatingTests/RatingTests-Info.plist";
				PRODUCT_NAME = "$(TARGET_NAME)";
				TEST_HOST = "$(BUNDLE_LOADER)";
				WRAPPER_EXTENSION = xctest;
			};
			name = Release;
		};
/* End XCBuildConfiguration section */

/* Begin XCConfigurationList section */
		D8FFABCC18C874220053F233 /* Build configuration list for PBXProject "Rating" */ = {
			isa = XCConfigurationList;
			buildConfigurations = (
				D8FFAC0118C874220053F233 /* Debug */,
				D8FFAC0218C874220053F233 /* Release */,
			);
			defaultConfigurationIsVisible = 0;
			defaultConfigurationName = Release;
		};
		D8FFAC0318C874220053F233 /* Build configuration list for PBXNativeTarget "Rating" */ = {
			isa = XCConfigurationList;
			buildConfigurations = (
				D8FFAC0418C874220053F233 /* Debug */,
				D8FFAC0518C874220053F233 /* Release */,
			);
			defaultConfigurationIsVisible = 0;
			defaultConfigurationName = Release;
		};
		D8FFAC0618C874220053F233 /* Build configuration list for PBXNativeTarget "RatingTests" */ = {
			isa = XCConfigurationList;
			buildConfigurations = (
				D8FFAC0718C874220053F233 /* Debug */,
				D8FFAC0818C874220053F233 /* Release */,
			);
			defaultConfigurationIsVisible = 0;
			defaultConfigurationName = Release;
		};
/* End XCConfigurationList section */
	};
	rootObject = D8FFABC918C874220053F233 /* Project object */;
}
